
Microsoft Visual Studio Solution File, Format Version 12.00
# Visual Studio Version 16
VisualStudioVersion = 16.0.30517.126
MinimumVisualStudioVersion = 10.0.40219.1
Project("{FAE04EC0-301F-11D3-BF4B-00C04F79EFBC}") = "FplAnalysis", "FplAnalysis.csproj", "{F15098B5-D959-47EC-846E-D686321045F4}"
EndProject
Global
	GlobalSection(SolutionConfigurationPlatforms) = preSolution
		Debug|Any CPU = Debug|Any CPU
		Release|Any CPU = Release|Any CPU
	EndGlobalSection
	GlobalSection(ProjectConfigurationPlatforms) = postSolution
		{F15098B5-D959-47EC-846E-D686321045F4}.Debug|Any CPU.ActiveCfg = Debug|Any CPU
		{F15098B5-D959-47EC-846E-D686321045F4}.Debug|Any CPU.Build.0 = Debug|Any CPU
		{F15098B5-D959-47EC-846E-D686321045F4}.Release|Any CPU.ActiveCfg = Release|Any CPU
		{F15098B5-D959-47EC-846E-D686321045F4}.Release|Any CPU.Build.0 = Release|Any CPU
	EndGlobalSection
	GlobalSection(SolutionProperties) = preSolution
		HideSolutionNode = FALSE
	EndGlobalSection
	GlobalSection(ExtensibilityGlobals) = postSolution
		SolutionGuid = {2074EDED-5A62-4F4B-98E6-B6630737DEF6}
	EndGlobalSection
EndGlobal
